
Microsoft Visual Studio Solution File, Format Version 12.00
# Visual Studio Version 17
VisualStudioVersion = 17.0.31903.59
MinimumVisualStudioVersion = 10.0.40219.1
Project("{2150E333-8FDC-42A3-9474-1A3956D46DE8}") = "src", "src", "{9C965E4C-409F-4413-B985-70F1A2EB22F6}"
EndProject
Project("{FAE04EC0-301F-11D3-BF4B-00C04F79EFBC}") = "Monkey", "src\Monkey\Monkey.csproj", "{AF3DDC37-B4AD-48FF-AEBE-9179708E650F}"
EndProject
Project("{2150E333-8FDC-42A3-9474-1A3956D46DE8}") = "test", "test", "{D7504F60-847E-430B-9E6F-7E28CDC27D42}"
EndProject
Project("{FAE04EC0-301F-11D3-BF4B-00C04F79EFBC}") = "Monkey.Test", "test\Monkey.Test\Monkey.Test.csproj", "{BF02D5CD-4BE1-452A-9517-A332AEE3F10D}"
EndProject
Project("{FAE04EC0-301F-11D3-BF4B-00C04F79EFBC}") = "Monkey.Interpreter", "src\Monkey.Interpreter\Monkey.Interpreter.csproj", "{DC37FC02-B40D-4630-8A45-B0B9ABDE9D2E}"
EndProject
Global
	GlobalSection(SolutionConfigurationPlatforms) = preSolution
		Debug|Any CPU = Debug|Any CPU
		Release|Any CPU = Release|Any CPU
	EndGlobalSection
	GlobalSection(SolutionProperties) = preSolution
		HideSolutionNode = FALSE
	EndGlobalSection
	GlobalSection(ProjectConfigurationPlatforms) = postSolution
		{AF3DDC37-B4AD-48FF-AEBE-9179708E650F}.Debug|Any CPU.ActiveCfg = Debug|Any CPU
		{AF3DDC37-B4AD-48FF-AEBE-9179708E650F}.Debug|Any CPU.Build.0 = Debug|Any CPU
		{AF3DDC37-B4AD-48FF-AEBE-9179708E650F}.Release|Any CPU.ActiveCfg = Release|Any CPU
		{AF3DDC37-B4AD-48FF-AEBE-9179708E650F}.Release|Any CPU.Build.0 = Release|Any CPU
		{BF02D5CD-4BE1-452A-9517-A332AEE3F10D}.Debug|Any CPU.ActiveCfg = Debug|Any CPU
		{BF02D5CD-4BE1-452A-9517-A332AEE3F10D}.Debug|Any CPU.Build.0 = Debug|Any CPU
		{BF02D5CD-4BE1-452A-9517-A332AEE3F10D}.Release|Any CPU.ActiveCfg = Release|Any CPU
		{BF02D5CD-4BE1-452A-9517-A332AEE3F10D}.Release|Any CPU.Build.0 = Release|Any CPU
		{DC37FC02-B40D-4630-8A45-B0B9ABDE9D2E}.Debug|Any CPU.ActiveCfg = Debug|Any CPU
		{DC37FC02-B40D-4630-8A45-B0B9ABDE9D2E}.Debug|Any CPU.Build.0 = Debug|Any CPU
		{DC37FC02-B40D-4630-8A45-B0B9ABDE9D2E}.Release|Any CPU.ActiveCfg = Release|Any CPU
		{DC37FC02-B40D-4630-8A45-B0B9ABDE9D2E}.Release|Any CPU.Build.0 = Release|Any CPU
	EndGlobalSection
	GlobalSection(NestedProjects) = preSolution
		{AF3DDC37-B4AD-48FF-AEBE-9179708E650F} = {9C965E4C-409F-4413-B985-70F1A2EB22F6}
		{BF02D5CD-4BE1-452A-9517-A332AEE3F10D} = {D7504F60-847E-430B-9E6F-7E28CDC27D42}
		{DC37FC02-B40D-4630-8A45-B0B9ABDE9D2E} = {9C965E4C-409F-4413-B985-70F1A2EB22F6}
	EndGlobalSection
EndGlobal
